
Microsoft Visual Studio Solution File, Format Version 12.00
# Visual Studio 15
VisualStudioVersion = 15.0.26124.0
MinimumVisualStudioVersion = 15.0.26124.0
Project("{2150E333-8FDC-42A3-9474-1A3956D46DE8}") = "src", "src", "{25C9EA8C-6B6A-4C3D-8E43-5A5DD91BABE1}"
EndProject
Project("{FAE04EC0-301F-11D3-BF4B-00C04F79EFBC}") = "SimpleAPI", "src\SimpleAPI\SimpleAPI.csproj", "{299FEF33-9A08-4D3D-BDDA-F224986DF573}"
EndProject
Project("{2150E333-8FDC-42A3-9474-1A3956D46DE8}") = "test", "test", "{CADEACE4-C2EC-4473-A226-CCBB2DC3F77A}"
EndProject
Project("{FAE04EC0-301F-11D3-BF4B-00C04F79EFBC}") = "SimpleAPI.TEST", "test\SimpleAPI.TEST\SimpleAPI.TEST.csproj", "{0EA13E47-5261-48F3-A514-F56F0410A0B5}"
EndProject
Global
	GlobalSection(SolutionConfigurationPlatforms) = preSolution
		Debug|Any CPU = Debug|Any CPU
		Debug|x64 = Debug|x64
		Debug|x86 = Debug|x86
		Release|Any CPU = Release|Any CPU
		Release|x64 = Release|x64
		Release|x86 = Release|x86
	EndGlobalSection
	GlobalSection(SolutionProperties) = preSolution
		HideSolutionNode = FALSE
	EndGlobalSection
	GlobalSection(ProjectConfigurationPlatforms) = postSolution
		{299FEF33-9A08-4D3D-BDDA-F224986DF573}.Debug|Any CPU.ActiveCfg = Debug|Any CPU
		{299FEF33-9A08-4D3D-BDDA-F224986DF573}.Debug|Any CPU.Build.0 = Debug|Any CPU
		{299FEF33-9A08-4D3D-BDDA-F224986DF573}.Debug|x64.ActiveCfg = Debug|Any CPU
		{299FEF33-9A08-4D3D-BDDA-F224986DF573}.Debug|x64.Build.0 = Debug|Any CPU
		{299FEF33-9A08-4D3D-BDDA-F224986DF573}.Debug|x86.ActiveCfg = Debug|Any CPU
		{299FEF33-9A08-4D3D-BDDA-F224986DF573}.Debug|x86.Build.0 = Debug|Any CPU
		{299FEF33-9A08-4D3D-BDDA-F224986DF573}.Release|Any CPU.ActiveCfg = Release|Any CPU
		{299FEF33-9A08-4D3D-BDDA-F224986DF573}.Release|Any CPU.Build.0 = Release|Any CPU
		{299FEF33-9A08-4D3D-BDDA-F224986DF573}.Release|x64.ActiveCfg = Release|Any CPU
		{299FEF33-9A08-4D3D-BDDA-F224986DF573}.Release|x64.Build.0 = Release|Any CPU
		{299FEF33-9A08-4D3D-BDDA-F224986DF573}.Release|x86.ActiveCfg = Release|Any CPU
		{299FEF33-9A08-4D3D-BDDA-F224986DF573}.Release|x86.Build.0 = Release|Any CPU
		{0EA13E47-5261-48F3-A514-F56F0410A0B5}.Debug|Any CPU.ActiveCfg = Debug|Any CPU
		{0EA13E47-5261-48F3-A514-F56F0410A0B5}.Debug|Any CPU.Build.0 = Debug|Any CPU
		{0EA13E47-5261-48F3-A514-F56F0410A0B5}.Debug|x64.ActiveCfg = Debug|Any CPU
		{0EA13E47-5261-48F3-A514-F56F0410A0B5}.Debug|x64.Build.0 = Debug|Any CPU
		{0EA13E47-5261-48F3-A514-F56F0410A0B5}.Debug|x86.ActiveCfg = Debug|Any CPU
		{0EA13E47-5261-48F3-A514-F56F0410A0B5}.Debug|x86.Build.0 = Debug|Any CPU
		{0EA13E47-5261-48F3-A514-F56F0410A0B5}.Release|Any CPU.ActiveCfg = Release|Any CPU
		{0EA13E47-5261-48F3-A514-F56F0410A0B5}.Release|Any CPU.Build.0 = Release|Any CPU
		{0EA13E47-5261-48F3-A514-F56F0410A0B5}.Release|x64.ActiveCfg = Release|Any CPU
		{0EA13E47-5261-48F3-A514-F56F0410A0B5}.Release|x64.Build.0 = Release|Any CPU
		{0EA13E47-5261-48F3-A514-F56F0410A0B5}.Release|x86.ActiveCfg = Release|Any CPU
		{0EA13E47-5261-48F3-A514-F56F0410A0B5}.Release|x86.Build.0 = Release|Any CPU
	EndGlobalSection
	GlobalSection(NestedProjects) = preSolution
		{299FEF33-9A08-4D3D-BDDA-F224986DF573} = {25C9EA8C-6B6A-4C3D-8E43-5A5DD91BABE1}
		{0EA13E47-5261-48F3-A514-F56F0410A0B5} = {CADEACE4-C2EC-4473-A226-CCBB2DC3F77A}
	EndGlobalSection
EndGlobal
